
Microsoft Visual Studio Solution File, Format Version 12.00
# Visual Studio Version 16
VisualStudioVersion = 16.0.30114.105
MinimumVisualStudioVersion = 10.0.40219.1
Project("{F2A71F9B-5D33-465A-A702-920D77279786}") = "day1", "day1\day1.fsproj", "{68EEB7A7-3680-4C9B-B5DB-16900AD26462}"
EndProject
Project("{F2A71F9B-5D33-465A-A702-920D77279786}") = "day2", "day2\day2.fsproj", "{FD575A74-C69D-43E1-93CA-63612EFFA376}"
EndProject
Project("{F2A71F9B-5D33-465A-A702-920D77279786}") = "day3", "day3\day3.fsproj", "{4D2405BD-1BA6-41FB-909E-6371C07C7596}"
EndProject
Project("{F2A71F9B-5D33-465A-A702-920D77279786}") = "day4", "day4\day4.fsproj", "{BB3AB095-6D6E-4A76-BDC0-1933C8E23365}"
EndProject
Project("{F2A71F9B-5D33-465A-A702-920D77279786}") = "day5", "day5\day5.fsproj", "{BAEE069F-F4FE-43CF-A955-77944348C8D0}"
EndProject
Project("{F2A71F9B-5D33-465A-A702-920D77279786}") = "day6", "day6\day6.fsproj", "{695E23C6-FA33-4DDA-AAAD-CF351A323E68}"
EndProject
Project("{F2A71F9B-5D33-465A-A702-920D77279786}") = "day7", "day7\day7.fsproj", "{91E3B5F3-747C-4738-B451-A70543C80FB0}"
EndProject
Project("{F2A71F9B-5D33-465A-A702-920D77279786}") = "day8", "day8\day8.fsproj", "{BF651C97-FA4C-492C-98A5-53BEBA471BEB}"
EndProject
Project("{F2A71F9B-5D33-465A-A702-920D77279786}") = "day9", "day9\day9.fsproj", "{1ECDA9AB-9347-47D0-9D65-0B9D0B6F4D7D}"
EndProject
Project("{F2A71F9B-5D33-465A-A702-920D77279786}") = "day10", "day10\day10.fsproj", "{D875F3C2-2DFE-4ED0-B160-DEC54E09BB8A}"
EndProject
Global
	GlobalSection(SolutionConfigurationPlatforms) = preSolution
		Debug|Any CPU = Debug|Any CPU
		Release|Any CPU = Release|Any CPU
	EndGlobalSection
	GlobalSection(SolutionProperties) = preSolution
		HideSolutionNode = FALSE
	EndGlobalSection
	GlobalSection(ProjectConfigurationPlatforms) = postSolution
		{68EEB7A7-3680-4C9B-B5DB-16900AD26462}.Debug|Any CPU.ActiveCfg = Debug|Any CPU
		{68EEB7A7-3680-4C9B-B5DB-16900AD26462}.Debug|Any CPU.Build.0 = Debug|Any CPU
		{68EEB7A7-3680-4C9B-B5DB-16900AD26462}.Release|Any CPU.ActiveCfg = Release|Any CPU
		{68EEB7A7-3680-4C9B-B5DB-16900AD26462}.Release|Any CPU.Build.0 = Release|Any CPU
		{FD575A74-C69D-43E1-93CA-63612EFFA376}.Debug|Any CPU.ActiveCfg = Debug|Any CPU
		{FD575A74-C69D-43E1-93CA-63612EFFA376}.Debug|Any CPU.Build.0 = Debug|Any CPU
		{FD575A74-C69D-43E1-93CA-63612EFFA376}.Release|Any CPU.ActiveCfg = Release|Any CPU
		{FD575A74-C69D-43E1-93CA-63612EFFA376}.Release|Any CPU.Build.0 = Release|Any CPU
		{4D2405BD-1BA6-41FB-909E-6371C07C7596}.Debug|Any CPU.ActiveCfg = Debug|Any CPU
		{4D2405BD-1BA6-41FB-909E-6371C07C7596}.Debug|Any CPU.Build.0 = Debug|Any CPU
		{4D2405BD-1BA6-41FB-909E-6371C07C7596}.Release|Any CPU.ActiveCfg = Release|Any CPU
		{4D2405BD-1BA6-41FB-909E-6371C07C7596}.Release|Any CPU.Build.0 = Release|Any CPU
		{BB3AB095-6D6E-4A76-BDC0-1933C8E23365}.Debug|Any CPU.ActiveCfg = Debug|Any CPU
		{BB3AB095-6D6E-4A76-BDC0-1933C8E23365}.Debug|Any CPU.Build.0 = Debug|Any CPU
		{BB3AB095-6D6E-4A76-BDC0-1933C8E23365}.Release|Any CPU.ActiveCfg = Release|Any CPU
		{BB3AB095-6D6E-4A76-BDC0-1933C8E23365}.Release|Any CPU.Build.0 = Release|Any CPU
		{BAEE069F-F4FE-43CF-A955-77944348C8D0}.Debug|Any CPU.ActiveCfg = Debug|Any CPU
		{BAEE069F-F4FE-43CF-A955-77944348C8D0}.Debug|Any CPU.Build.0 = Debug|Any CPU
		{BAEE069F-F4FE-43CF-A955-77944348C8D0}.Release|Any CPU.ActiveCfg = Release|Any CPU
		{BAEE069F-F4FE-43CF-A955-77944348C8D0}.Release|Any CPU.Build.0 = Release|Any CPU
		{695E23C6-FA33-4DDA-AAAD-CF351A323E68}.Debug|Any CPU.ActiveCfg = Debug|Any CPU
		{695E23C6-FA33-4DDA-AAAD-CF351A323E68}.Debug|Any CPU.Build.0 = Debug|Any CPU
		{695E23C6-FA33-4DDA-AAAD-CF351A323E68}.Release|Any CPU.ActiveCfg = Release|Any CPU
		{695E23C6-FA33-4DDA-AAAD-CF351A323E68}.Release|Any CPU.Build.0 = Release|Any CPU
		{91E3B5F3-747C-4738-B451-A70543C80FB0}.Debug|Any CPU.ActiveCfg = Debug|Any CPU
		{91E3B5F3-747C-4738-B451-A70543C80FB0}.Debug|Any CPU.Build.0 = Debug|Any CPU
		{91E3B5F3-747C-4738-B451-A70543C80FB0}.Release|Any CPU.ActiveCfg = Release|Any CPU
		{91E3B5F3-747C-4738-B451-A70543C80FB0}.Release|Any CPU.Build.0 = Release|Any CPU
		{BF651C97-FA4C-492C-98A5-53BEBA471BEB}.Debug|Any CPU.ActiveCfg = Debug|Any CPU
		{BF651C97-FA4C-492C-98A5-53BEBA471BEB}.Debug|Any CPU.Build.0 = Debug|Any CPU
		{BF651C97-FA4C-492C-98A5-53BEBA471BEB}.Release|Any CPU.ActiveCfg = Release|Any CPU
		{BF651C97-FA4C-492C-98A5-53BEBA471BEB}.Release|Any CPU.Build.0 = Release|Any CPU
		{1ECDA9AB-9347-47D0-9D65-0B9D0B6F4D7D}.Debug|Any CPU.ActiveCfg = Debug|Any CPU
		{1ECDA9AB-9347-47D0-9D65-0B9D0B6F4D7D}.Debug|Any CPU.Build.0 = Debug|Any CPU
		{1ECDA9AB-9347-47D0-9D65-0B9D0B6F4D7D}.Release|Any CPU.ActiveCfg = Release|Any CPU
		{1ECDA9AB-9347-47D0-9D65-0B9D0B6F4D7D}.Release|Any CPU.Build.0 = Release|Any CPU
		{D875F3C2-2DFE-4ED0-B160-DEC54E09BB8A}.Debug|Any CPU.ActiveCfg = Debug|Any CPU
		{D875F3C2-2DFE-4ED0-B160-DEC54E09BB8A}.Debug|Any CPU.Build.0 = Debug|Any CPU
		{D875F3C2-2DFE-4ED0-B160-DEC54E09BB8A}.Release|Any CPU.ActiveCfg = Release|Any CPU
		{D875F3C2-2DFE-4ED0-B160-DEC54E09BB8A}.Release|Any CPU.Build.0 = Release|Any CPU
	EndGlobalSection
EndGlobal
